
Microsoft Visual Studio Solution File, Format Version 12.00
# Visual Studio Version 17
VisualStudioVersion = 17.11.35312.102
MinimumVisualStudioVersion = 10.0.40219.1
Project("{FAE04EC0-301F-11D3-BF4B-00C04F79EFBC}") = "Screen Saver Controller", "Screen Saver Controller\Screen Saver Controller.csproj", "{C88BC922-2B6A-458B-9538-D38C3DB1B186}"
EndProject
Global
	GlobalSection(SolutionConfigurationPlatforms) = preSolution
		Debug|Any CPU = Debug|Any CPU
		Release|Any CPU = Release|Any CPU
	EndGlobalSection
	GlobalSection(ProjectConfigurationPlatforms) = postSolution
		{C88BC922-2B6A-458B-9538-D38C3DB1B186}.Debug|Any CPU.ActiveCfg = Debug|Any CPU
		{C88BC922-2B6A-458B-9538-D38C3DB1B186}.Debug|Any CPU.Build.0 = Debug|Any CPU
		{C88BC922-2B6A-458B-9538-D38C3DB1B186}.Release|Any CPU.ActiveCfg = Release|Any CPU
		{C88BC922-2B6A-458B-9538-D38C3DB1B186}.Release|Any CPU.Build.0 = Release|Any CPU
	EndGlobalSection
	GlobalSection(SolutionProperties) = preSolution
		HideSolutionNode = FALSE
	EndGlobalSection
	GlobalSection(ExtensibilityGlobals) = postSolution
		SolutionGuid = {CFC32A32-C337-4095-8A8C-2565EB9D48DC}
	EndGlobalSection
EndGlobal
